
Microsoft Visual Studio Solution File, Format Version 12.00
# Visual Studio Version 16
VisualStudioVersion = 16.0.30406.217
MinimumVisualStudioVersion = 10.0.40219.1
Project("{8BC9CEB8-8B4A-11D0-8D11-00A0C91BC942}") = "Discord-Invites-Gen", "Discord-Invites-Gen\Discord-Invites-Gen.vcxproj", "{8CC84AC9-6A81-499B-A3CF-C8FFACB4EED2}"
EndProject
Global
	GlobalSection(SolutionConfigurationPlatforms) = preSolution
		Debug|x64 = Debug|x64
		Debug|x86 = Debug|x86
		Release|x64 = Release|x64
		Release|x86 = Release|x86
	EndGlobalSection
	GlobalSection(ProjectConfigurationPlatforms) = postSolution
		{8CC84AC9-6A81-499B-A3CF-C8FFACB4EED2}.Debug|x64.ActiveCfg = Debug|x64
		{8CC84AC9-6A81-499B-A3CF-C8FFACB4EED2}.Debug|x64.Build.0 = Debug|x64
		{8CC84AC9-6A81-499B-A3CF-C8FFACB4EED2}.Debug|x86.ActiveCfg = Debug|Win32
		{8CC84AC9-6A81-499B-A3CF-C8FFACB4EED2}.Debug|x86.Build.0 = Debug|Win32
		{8CC84AC9-6A81-499B-A3CF-C8FFACB4EED2}.Release|x64.ActiveCfg = Release|x64
		{8CC84AC9-6A81-499B-A3CF-C8FFACB4EED2}.Release|x64.Build.0 = Release|x64
		{8CC84AC9-6A81-499B-A3CF-C8FFACB4EED2}.Release|x86.ActiveCfg = Release|Win32
		{8CC84AC9-6A81-499B-A3CF-C8FFACB4EED2}.Release|x86.Build.0 = Release|Win32
	EndGlobalSection
	GlobalSection(SolutionProperties) = preSolution
		HideSolutionNode = FALSE
	EndGlobalSection
	GlobalSection(ExtensibilityGlobals) = postSolution
		SolutionGuid = {2AF24B64-9680-48B8-9A50-D5E3E2328502}
	EndGlobalSection
EndGlobal
